
Microsoft Visual Studio Solution File, Format Version 12.00
# Visual Studio Version 17
VisualStudioVersion = 17.8.34511.84
MinimumVisualStudioVersion = 10.0.40219.1
Project("{9A19103F-16F7-4668-BE54-9A1E7A4F7556}") = "EDIViewer", "EDIViewer\EDIViewer.csproj", "{153F64E9-0751-41D8-B479-27B2CD6FDACD}"
EndProject
Global
	GlobalSection(SolutionConfigurationPlatforms) = preSolution
		Debug|Any CPU = Debug|Any CPU
		Release|Any CPU = Release|Any CPU
	EndGlobalSection
	GlobalSection(ProjectConfigurationPlatforms) = postSolution
		{153F64E9-0751-41D8-B479-27B2CD6FDACD}.Debug|Any CPU.ActiveCfg = Debug|Any CPU
		{153F64E9-0751-41D8-B479-27B2CD6FDACD}.Debug|Any CPU.Build.0 = Debug|Any CPU
		{153F64E9-0751-41D8-B479-27B2CD6FDACD}.Release|Any CPU.ActiveCfg = Release|Any CPU
		{153F64E9-0751-41D8-B479-27B2CD6FDACD}.Release|Any CPU.Build.0 = Release|Any CPU
	EndGlobalSection
	GlobalSection(SolutionProperties) = preSolution
		HideSolutionNode = FALSE
	EndGlobalSection
	GlobalSection(ExtensibilityGlobals) = postSolution
		SolutionGuid = {A4C2F1F6-608B-4C76-852D-7D644D8A2532}
	EndGlobalSection
EndGlobal
